// !$*UTF8*$!
{
	archiveVersion = 1;
	classes = {
	};
	objectVersion = 46;
	objects = {

/* Begin PBXBuildFile section */
		DC26536E1F460EE10025E1B5 /* MainViewController.swift in Sources */ = {isa = PBXBuildFile; fileRef = DC26536D1F460EE10025E1B5 /* MainViewController.swift */; };
		DC32FC521F58B23400DF3C50 /* highScores.txt in Resources */ = {isa = PBXBuildFile; fileRef = DC32FC511F58B23400DF3C50 /* highScores.txt */; };
		DC3A096C1FA925850089760E /* playGame.png in Resources */ = {isa = PBXBuildFile; fileRef = DC3A096B1FA925850089760E /* playGame.png */; };
		DC4F6DEF1FFB1AC400438B41 /* backgroundMain.png in Resources */ = {isa = PBXBuildFile; fileRef = DC4F6DEE1FFB1AC300438B41 /* backgroundMain.png */; };
		DC4F6DF31FFB1FA700438B41 /* margin.png in Resources */ = {isa = PBXBuildFile; fileRef = DC4F6DF21FFB1FA600438B41 /* margin.png */; };
		DC4F6DF51FFB228300438B41 /* correctSound.wav in Resources */ = {isa = PBXBuildFile; fileRef = DC4F6DF41FFB228200438B41 /* correctSound.wav */; };
		DC4F6DF71FFB258800438B41 /* backgroundSong.mp3 in Resources */ = {isa = PBXBuildFile; fileRef = DC4F6DF61FFB258800438B41 /* backgroundSong.mp3 */; };
		DC4F6DFB1FFC42D300438B41 /* error.wav in Resources */ = {isa = PBXBuildFile; fileRef = DC4F6DFA1FFC42D300438B41 /* error.wav */; };
		DC513BF91FF81F0F0080031F /* textBoxTypedWord.png in Resources */ = {isa = PBXBuildFile; fileRef = DC513BF81FF81F0E0080031F /* textBoxTypedWord.png */; };
		DC513BFB1FF821510080031F /* launchScreen.png in Resources */ = {isa = PBXBuildFile; fileRef = DC513BFA1FF821500080031F /* launchScreen.png */; };
		DC513C031FF825A00080031F /* frame.png in Resources */ = {isa = PBXBuildFile; fileRef = DC513C021FF825A00080031F /* frame.png */; };
		DC513C601FF83A370080031F /* background.png in Resources */ = {isa = PBXBuildFile; fileRef = DC513C5F1FF83A360080031F /* background.png */; };
		DC513C621FF83AA40080031F /* typedWord.png in Resources */ = {isa = PBXBuildFile; fileRef = DC513C611FF83AA40080031F /* typedWord.png */; };
		DC6E26E71F43D870006787C3 /* words.txt in Resources */ = {isa = PBXBuildFile; fileRef = DC6E26E61F43D870006787C3 /* words.txt */; };
		DC7CD3801FE5F8D200672E19 /* qButton.png in Resources */ = {isa = PBXBuildFile; fileRef = DC7CD37F1FE5F8D200672E19 /* qButton.png */; };
		DC7CD39A1FE622E400672E19 /* yButton.png in Resources */ = {isa = PBXBuildFile; fileRef = DC7CD3821FE622E400672E19 /* yButton.png */; };
		DC7CD39B1FE622E400672E19 /* zButton.png in Resources */ = {isa = PBXBuildFile; fileRef = DC7CD3831FE622E400672E19 /* zButton.png */; };
		DC7CD39C1FE622E400672E19 /* rButton.png in Resources */ = {isa = PBXBuildFile; fileRef = DC7CD3841FE622E400672E19 /* rButton.png */; };
		DC7CD39F1FE622E400672E19 /* uButton.png in Resources */ = {isa = PBXBuildFile; fileRef = DC7CD3871FE622E400672E19 /* uButton.png */; };
		DC7CD3A01FE622E400672E19 /* vButton.png in Resources */ = {isa = PBXBuildFile; fileRef = DC7CD3881FE622E400672E19 /* vButton.png */; };
		DC7CD3A11FE622E400672E19 /* wButton.png in Resources */ = {isa = PBXBuildFile; fileRef = DC7CD3891FE622E400672E19 /* wButton.png */; };
		DC7CD3A21FE622E400672E19 /* pButton.png in Resources */ = {isa = PBXBuildFile; fileRef = DC7CD38A1FE622E400672E19 /* pButton.png */; };
		DC7CD3A31FE622E400672E19 /* oButton.png in Resources */ = {isa = PBXBuildFile; fileRef = DC7CD38B1FE622E400672E19 /* oButton.png */; };
		DC7CD3A41FE622E400672E19 /* nButton.png in Resources */ = {isa = PBXBuildFile; fileRef = DC7CD38C1FE622E400672E19 /* nButton.png */; };
		DC7CD3A61FE622E400672E19 /* hButton.png in Resources */ = {isa = PBXBuildFile; fileRef = DC7CD38E1FE622E400672E19 /* hButton.png */; };
		DC7CD3A71FE622E400672E19 /* iButton.png in Resources */ = {isa = PBXBuildFile; fileRef = DC7CD38F1FE622E400672E19 /* iButton.png */; };
		DC7CD3A81FE622E400672E19 /* cButton.png in Resources */ = {isa = PBXBuildFile; fileRef = DC7CD3901FE622E400672E19 /* cButton.png */; };
		DC7CD3A91FE622E400672E19 /* fButton.png in Resources */ = {isa = PBXBuildFile; fileRef = DC7CD3911FE622E400672E19 /* fButton.png */; };
		DC7CD3AA1FE622E400672E19 /* mButton.png in Resources */ = {isa = PBXBuildFile; fileRef = DC7CD3921FE622E400672E19 /* mButton.png */; };
		DC7CD3AB1FE622E400672E19 /* bButton.png in Resources */ = {isa = PBXBuildFile; fileRef = DC7CD3931FE622E400672E19 /* bButton.png */; };
		DC7CD3AD1FE622E400672E19 /* dButton.png in Resources */ = {isa = PBXBuildFile; fileRef = DC7CD3951FE622E400672E19 /* dButton.png */; };
		DC7CD3B01FE622E400672E19 /* aButton.png in Resources */ = {isa = PBXBuildFile; fileRef = DC7CD3981FE622E400672E19 /* aButton.png */; };
		DC92DE761F42A42E0074B41C /* AppDelegate.swift in Sources */ = {isa = PBXBuildFile; fileRef = DC92DE751F42A42E0074B41C /* AppDelegate.swift */; };
		DC92DE781F42A42E0074B41C /* ViewController.swift in Sources */ = {isa = PBXBuildFile; fileRef = DC92DE771F42A42E0074B41C /* ViewController.swift */; };
		DC92DE7B1F42A42E0074B41C /* Main.storyboard in Resources */ = {isa = PBXBuildFile; fileRef = DC92DE791F42A42E0074B41C /* Main.storyboard */; };
		DC92DE7D1F42A42E0074B41C /* Assets.xcassets in Resources */ = {isa = PBXBuildFile; fileRef = DC92DE7C1F42A42E0074B41C /* Assets.xcassets */; };
		DC92DE801F42A42E0074B41C /* LaunchScreen.storyboard in Resources */ = {isa = PBXBuildFile; fileRef = DC92DE7E1F42A42E0074B41C /* LaunchScreen.storyboard */; };
		DCB7343E200C47DD006ADB42 /* enter.png in Resources */ = {isa = PBXBuildFile; fileRef = DCB7343D200C47DD006ADB42 /* enter.png */; };
		DCB73442200C56EF006ADB42 /* sButton.png in Resources */ = {isa = PBXBuildFile; fileRef = DCB73441200C56EF006ADB42 /* sButton.png */; };
		DCB73444200C5706006ADB42 /* kButton.png in Resources */ = {isa = PBXBuildFile; fileRef = DCB73443200C5705006ADB42 /* kButton.png */; };
		DCB73446200C571A006ADB42 /* jButton.png in Resources */ = {isa = PBXBuildFile; fileRef = DCB73445200C5719006ADB42 /* jButton.png */; };
		DCB73448200C572E006ADB42 /* xButton.png in Resources */ = {isa = PBXBuildFile; fileRef = DCB73447200C572D006ADB42 /* xButton.png */; };
		DCB7344A200C573F006ADB42 /* tButton.png in Resources */ = {isa = PBXBuildFile; fileRef = DCB73449200C573E006ADB42 /* tButton.png */; };
		DCB7344E200C5773006ADB42 /* gButton.png in Resources */ = {isa = PBXBuildFile; fileRef = DCB7344D200C5773006ADB42 /* gButton.png */; };
		DCB73450200C59A8006ADB42 /* eButton.png in Resources */ = {isa = PBXBuildFile; fileRef = DCB7344F200C59A7006ADB42 /* eButton.png */; };
		DCB73452200C59DE006ADB42 /* lButton.png in Resources */ = {isa = PBXBuildFile; fileRef = DCB73451200C59DD006ADB42 /* lButton.png */; };
		DCB73454200C7680006ADB42 /* delete.png in Resources */ = {isa = PBXBuildFile; fileRef = DCB73453200C767E006ADB42 /* delete.png */; };
/* End PBXBuildFile section */

/* Begin PBXFileReference section */
		DC26536D1F460EE10025E1B5 /* MainViewController.swift */ = {isa = PBXFileReference; fileEncoding = 4; lastKnownFileType = sourcecode.swift; path = MainViewController.swift; sourceTree = "<group>"; };
		DC32FC511F58B23400DF3C50 /* highScores.txt */ = {isa = PBXFileReference; fileEncoding = 4; lastKnownFileType = text; path = highScores.txt; sourceTree = "<group>"; };
		DC3A096B1FA925850089760E /* playGame.png */ = {isa = PBXFileReference; lastKnownFileType = image.png; path = playGame.png; sourceTree = "<group>"; };
		DC4F6DEE1FFB1AC300438B41 /* backgroundMain.png */ = {isa = PBXFileReference; lastKnownFileType = image.png; path = backgroundMain.png; sourceTree = "<group>"; };
		DC4F6DF21FFB1FA600438B41 /* margin.png */ = {isa = PBXFileReference; lastKnownFileType = image.png; name = margin.png; path = ../../../margin.png; sourceTree = "<group>"; };
		DC4F6DF41FFB228200438B41 /* correctSound.wav */ = {isa = PBXFileReference; lastKnownFileType = audio.wav; path = correctSound.wav; sourceTree = "<group>"; };
		DC4F6DF61FFB258800438B41 /* backgroundSong.mp3 */ = {isa = PBXFileReference; lastKnownFileType = audio.mp3; path = backgroundSong.mp3; sourceTree = "<group>"; };
		DC4F6DFA1FFC42D300438B41 /* error.wav */ = {isa = PBXFileReference; lastKnownFileType = audio.wav; path = error.wav; sourceTree = "<group>"; };
		DC513BF81FF81F0E0080031F /* textBoxTypedWord.png */ = {isa = PBXFileReference; lastKnownFileType = image.png; path = textBoxTypedWord.png; sourceTree = "<group>"; };
		DC513BFA1FF821500080031F /* launchScreen.png */ = {isa = PBXFileReference; lastKnownFileType = image.png; path = launchScreen.png; sourceTree = "<group>"; };
		DC513C021FF825A00080031F /* frame.png */ = {isa = PBXFileReference; lastKnownFileType = image.png; name = frame.png; path = ../../../frame.png; sourceTree = "<group>"; };
		DC513C5F1FF83A360080031F /* background.png */ = {isa = PBXFileReference; lastKnownFileType = image.png; path = background.png; sourceTree = "<group>"; };
		DC513C611FF83AA40080031F /* typedWord.png */ = {isa = PBXFileReference; lastKnownFileType = image.png; path = typedWord.png; sourceTree = "<group>"; };
		DC6E26E61F43D870006787C3 /* words.txt */ = {isa = PBXFileReference; fileEncoding = 4; lastKnownFileType = text; name = words.txt; path = wMutater/words.txt; sourceTree = SOURCE_ROOT; };
		DC7CD37F1FE5F8D200672E19 /* qButton.png */ = {isa = PBXFileReference; lastKnownFileType = image.png; path = qButton.png; sourceTree = "<group>"; };
		DC7CD3821FE622E400672E19 /* yButton.png */ = {isa = PBXFileReference; lastKnownFileType = image.png; path = yButton.png; sourceTree = "<group>"; };
		DC7CD3831FE622E400672E19 /* zButton.png */ = {isa = PBXFileReference; lastKnownFileType = image.png; path = zButton.png; sourceTree = "<group>"; };
		DC7CD3841FE622E400672E19 /* rButton.png */ = {isa = PBXFileReference; lastKnownFileType = image.png; path = rButton.png; sourceTree = "<group>"; };
		DC7CD3871FE622E400672E19 /* uButton.png */ = {isa = PBXFileReference; lastKnownFileType = image.png; path = uButton.png; sourceTree = "<group>"; };
		DC7CD3881FE622E400672E19 /* vButton.png */ = {isa = PBXFileReference; lastKnownFileType = image.png; path = vButton.png; sourceTree = "<group>"; };
		DC7CD3891FE622E400672E19 /* wButton.png */ = {isa = PBXFileReference; lastKnownFileType = image.png; path = wButton.png; sourceTree = "<group>"; };
		DC7CD38A1FE622E400672E19 /* pButton.png */ = {isa = PBXFileReference; lastKnownFileType = image.png; path = pButton.png; sourceTree = "<group>"; };
		DC7CD38B1FE622E400672E19 /* oButton.png */ = {isa = PBXFileReference; lastKnownFileType = image.png; path = oButton.png; sourceTree = "<group>"; };
		DC7CD38C1FE622E400672E19 /* nButton.png */ = {isa = PBXFileReference; lastKnownFileType = image.png; path = nButton.png; sourceTree = "<group>"; };
		DC7CD38E1FE622E400672E19 /* hButton.png */ = {isa = PBXFileReference; lastKnownFileType = image.png; path = hButton.png; sourceTree = "<group>"; };
		DC7CD38F1FE622E400672E19 /* iButton.png */ = {isa = PBXFileReference; lastKnownFileType = image.png; path = iButton.png; sourceTree = "<group>"; };
		DC7CD3901FE622E400672E19 /* cButton.png */ = {isa = PBXFileReference; lastKnownFileType = image.png; path = cButton.png; sourceTree = "<group>"; };
		DC7CD3911FE622E400672E19 /* fButton.png */ = {isa = PBXFileReference; lastKnownFileType = image.png; path = fButton.png; sourceTree = "<group>"; };
		DC7CD3921FE622E400672E19 /* mButton.png */ = {isa = PBXFileReference; lastKnownFileType = image.png; path = mButton.png; sourceTree = "<group>"; };
		DC7CD3931FE622E400672E19 /* bButton.png */ = {isa = PBXFileReference; lastKnownFileType = image.png; path = bButton.png; sourceTree = "<group>"; };
		DC7CD3951FE622E400672E19 /* dButton.png */ = {isa = PBXFileReference; lastKnownFileType = image.png; path = dButton.png; sourceTree = "<group>"; };
		DC7CD3981FE622E400672E19 /* aButton.png */ = {isa = PBXFileReference; lastKnownFileType = image.png; path = aButton.png; sourceTree = "<group>"; };
		DC92DE721F42A42E0074B41C /* wMutater.app */ = {isa = PBXFileReference; explicitFileType = wrapper.application; includeInIndex = 0; path = wMutater.app; sourceTree = BUILT_PRODUCTS_DIR; };
		DC92DE751F42A42E0074B41C /* AppDelegate.swift */ = {isa = PBXFileReference; lastKnownFileType = sourcecode.swift; path = AppDelegate.swift; sourceTree = "<group>"; };
		DC92DE771F42A42E0074B41C /* ViewController.swift */ = {isa = PBXFileReference; lastKnownFileType = sourcecode.swift; path = ViewController.swift; sourceTree = "<group>"; };
		DC92DE7A1F42A42E0074B41C /* Base */ = {isa = PBXFileReference; lastKnownFileType = file.storyboard; name = Base; path = Base.lproj/Main.storyboard; sourceTree = "<group>"; };
		DC92DE7C1F42A42E0074B41C /* Assets.xcassets */ = {isa = PBXFileReference; lastKnownFileType = folder.assetcatalog; path = Assets.xcassets; sourceTree = "<group>"; };
		DC92DE7F1F42A42E0074B41C /* Base */ = {isa = PBXFileReference; lastKnownFileType = file.storyboard; name = Base; path = Base.lproj/LaunchScreen.storyboard; sourceTree = "<group>"; };
		DC92DE811F42A42E0074B41C /* Info.plist */ = {isa = PBXFileReference; lastKnownFileType = text.plist.xml; path = Info.plist; sourceTree = "<group>"; };
		DCB7343D200C47DD006ADB42 /* enter.png */ = {isa = PBXFileReference; lastKnownFileType = image.png; path = enter.png; sourceTree = "<group>"; };
		DCB73441200C56EF006ADB42 /* sButton.png */ = {isa = PBXFileReference; lastKnownFileType = image.png; path = sButton.png; sourceTree = "<group>"; };
		DCB73443200C5705006ADB42 /* kButton.png */ = {isa = PBXFileReference; lastKnownFileType = image.png; path = kButton.png; sourceTree = "<group>"; };
		DCB73445200C5719006ADB42 /* jButton.png */ = {isa = PBXFileReference; lastKnownFileType = image.png; path = jButton.png; sourceTree = "<group>"; };
		DCB73447200C572D006ADB42 /* xButton.png */ = {isa = PBXFileReference; lastKnownFileType = image.png; path = xButton.png; sourceTree = "<group>"; };
		DCB73449200C573E006ADB42 /* tButton.png */ = {isa = PBXFileReference; lastKnownFileType = image.png; path = tButton.png; sourceTree = "<group>"; };
		DCB7344D200C5773006ADB42 /* gButton.png */ = {isa = PBXFileReference; lastKnownFileType = image.png; path = gButton.png; sourceTree = "<group>"; };
		DCB7344F200C59A7006ADB42 /* eButton.png */ = {isa = PBXFileReference; lastKnownFileType = image.png; path = eButton.png; sourceTree = "<group>"; };
		DCB73451200C59DD006ADB42 /* lButton.png */ = {isa = PBXFileReference; lastKnownFileType = image.png; path = lButton.png; sourceTree = "<group>"; };
		DCB73453200C767E006ADB42 /* delete.png */ = {isa = PBXFileReference; lastKnownFileType = image.png; path = delete.png; sourceTree = "<group>"; };
/* End PBXFileReference section */

/* Begin PBXFrameworksBuildPhase section */
		DC92DE6F1F42A42E0074B41C /* Frameworks */ = {
			isa = PBXFrameworksBuildPhase;
			buildActionMask = 2147483647;
			files = (
			);
			runOnlyForDeploymentPostprocessing = 0;
		};
/* End PBXFrameworksBuildPhase section */

/* Begin PBXGroup section */
		DC3377B11FEC5AB70000C997 /* pictures */ = {
			isa = PBXGroup;
			children = (
				DC513C5F1FF83A360080031F /* background.png */,
				DC4F6DEE1FFB1AC300438B41 /* backgroundMain.png */,
				DC513BFA1FF821500080031F /* launchScreen.png */,
				DC4F6DF21FFB1FA600438B41 /* margin.png */,
				DC513C021FF825A00080031F /* frame.png */,
				DC3A096B1FA925850089760E /* playGame.png */,
				DC513BF81FF81F0E0080031F /* textBoxTypedWord.png */,
				DC513C611FF83AA40080031F /* typedWord.png */,
				DCB7343D200C47DD006ADB42 /* enter.png */,
			);
			path = pictures;
			sourceTree = "<group>";
		};
		DC3377B21FEC5B040000C997 /* textFiles */ = {
			isa = PBXGroup;
			children = (
				DC32FC511F58B23400DF3C50 /* highScores.txt */,
				DC6E26E61F43D870006787C3 /* words.txt */,
			);
			name = textFiles;
			sourceTree = "<group>";
		};
		DC3F0C6B1FE7649100AA3417 /* buttons */ = {
			isa = PBXGroup;
			children = (
				DC7CD3981FE622E400672E19 /* aButton.png */,
				DC7CD3931FE622E400672E19 /* bButton.png */,
				DC7CD3901FE622E400672E19 /* cButton.png */,
				DC7CD3951FE622E400672E19 /* dButton.png */,
				DCB7344F200C59A7006ADB42 /* eButton.png */,
				DC7CD3911FE622E400672E19 /* fButton.png */,
				DCB7344D200C5773006ADB42 /* gButton.png */,
				DC7CD38E1FE622E400672E19 /* hButton.png */,
				DC7CD38F1FE622E400672E19 /* iButton.png */,
				DCB73445200C5719006ADB42 /* jButton.png */,
				DCB73443200C5705006ADB42 /* kButton.png */,
				DCB73451200C59DD006ADB42 /* lButton.png */,
				DC7CD3921FE622E400672E19 /* mButton.png */,
				DC7CD38C1FE622E400672E19 /* nButton.png */,
				DC7CD38B1FE622E400672E19 /* oButton.png */,
				DC7CD38A1FE622E400672E19 /* pButton.png */,
				DC7CD37F1FE5F8D200672E19 /* qButton.png */,
				DC7CD3841FE622E400672E19 /* rButton.png */,
				DCB73441200C56EF006ADB42 /* sButton.png */,
				DCB73449200C573E006ADB42 /* tButton.png */,
				DC7CD3871FE622E400672E19 /* uButton.png */,
				DC7CD3881FE622E400672E19 /* vButton.png */,
				DC7CD3891FE622E400672E19 /* wButton.png */,
				DCB73447200C572D006ADB42 /* xButton.png */,
				DC7CD3821FE622E400672E19 /* yButton.png */,
				DC7CD3831FE622E400672E19 /* zButton.png */,
				DCB73453200C767E006ADB42 /* delete.png */,
			);
			name = buttons;
			sourceTree = "<group>";
		};
		DC4F6DF81FFB258E00438B41 /* sounds */ = {
			isa = PBXGroup;
			children = (
				DC4F6DF41FFB228200438B41 /* correctSound.wav */,
				DC4F6DFA1FFC42D300438B41 /* error.wav */,
				DC4F6DF61FFB258800438B41 /* backgroundSong.mp3 */,
			);
			name = sounds;
			sourceTree = "<group>";
		};
		DC4F6DF91FFC3E3000438B41 /* ViewControllers */ = {
			isa = PBXGroup;
			children = (
				DC92DE771F42A42E0074B41C /* ViewController.swift */,
				DC26536D1F460EE10025E1B5 /* MainViewController.swift */,
			);
			name = ViewControllers;
			sourceTree = "<group>";
		};
		DC4F6DFC1FFC5C0700438B41 /* StoryboardViews */ = {
			isa = PBXGroup;
			children = (
				DC92DE791F42A42E0074B41C /* Main.storyboard */,
				DC92DE7E1F42A42E0074B41C /* LaunchScreen.storyboard */,
			);
			name = StoryboardViews;
			sourceTree = "<group>";
		};
		DC92DE691F42A42E0074B41C = {
			isa = PBXGroup;
			children = (
				DC92DE741F42A42E0074B41C /* wMutater */,
				DC92DE731F42A42E0074B41C /* Products */,
			);
			sourceTree = "<group>";
		};
		DC92DE731F42A42E0074B41C /* Products */ = {
			isa = PBXGroup;
			children = (
				DC92DE721F42A42E0074B41C /* wMutater.app */,
			);
			name = Products;
			sourceTree = "<group>";
		};
		DC92DE741F42A42E0074B41C /* wMutater */ = {
			isa = PBXGroup;
			children = (
				DC92DE751F42A42E0074B41C /* AppDelegate.swift */,
				DC4F6DF91FFC3E3000438B41 /* ViewControllers */,
				DC4F6DF81FFB258E00438B41 /* sounds */,
				DC3377B21FEC5B040000C997 /* textFiles */,
				DC3377B11FEC5AB70000C997 /* pictures */,
				DC3F0C6B1FE7649100AA3417 /* buttons */,
				DC4F6DFC1FFC5C0700438B41 /* StoryboardViews */,
				DC92DE7C1F42A42E0074B41C /* Assets.xcassets */,
				DC92DE811F42A42E0074B41C /* Info.plist */,
			);
			path = wMutater;
			sourceTree = "<group>";
		};
/* End PBXGroup section */

/* Begin PBXNativeTarget section */
		DC92DE711F42A42E0074B41C /* wMutater */ = {
			isa = PBXNativeTarget;
			buildConfigurationList = DC92DE841F42A42E0074B41C /* Build configuration list for PBXNativeTarget "wMutater" */;
			buildPhases = (
				DC92DE6E1F42A42E0074B41C /* Sources */,
				DC92DE6F1F42A42E0074B41C /* Frameworks */,
				DC92DE701F42A42E0074B41C /* Resources */,
			);
			buildRules = (
			);
			dependencies = (
			);
			name = wMutater;
			productName = wMutater;
			productReference = DC92DE721F42A42E0074B41C /* wMutater.app */;
			productType = "com.apple.product-type.application";
		};
/* End PBXNativeTarget section */

/* Begin PBXProject section */
		DC92DE6A1F42A42E0074B41C /* Project object */ = {
			isa = PBXProject;
			attributes = {
				LastSwiftUpdateCheck = 0820;
				LastUpgradeCheck = 0920;
				ORGANIZATIONNAME = "Arjun Lahiri";
				TargetAttributes = {
					DC92DE711F42A42E0074B41C = {
						CreatedOnToolsVersion = 8.2.1;
						DevelopmentTeam = Y3FF8K78NY;
						LastSwiftMigration = 0920;
						ProvisioningStyle = Automatic;
					};
				};
			};
			buildConfigurationList = DC92DE6D1F42A42E0074B41C /* Build configuration list for PBXProject "wMutater" */;
			compatibilityVersion = "Xcode 3.2";
			developmentRegion = English;
			hasScannedForEncodings = 0;
			knownRegions = (
				en,
				Base,
			);
			mainGroup = DC92DE691F42A42E0074B41C;
			productRefGroup = DC92DE731F42A42E0074B41C /* Products */;
			projectDirPath = "";
			projectRoot = "";
			targets = (
				DC92DE711F42A42E0074B41C /* wMutater */,
			);
		};
/* End PBXProject section */

/* Begin PBXResourcesBuildPhase section */
		DC92DE701F42A42E0074B41C /* Resources */ = {
			isa = PBXResourcesBuildPhase;
			buildActionMask = 2147483647;
			files = (
				DC7CD3A01FE622E400672E19 /* vButton.png in Resources */,
				DC513C031FF825A00080031F /* frame.png in Resources */,
				DC3A096C1FA925850089760E /* playGame.png in Resources */,
				DC4F6DF71FFB258800438B41 /* backgroundSong.mp3 in Resources */,
				DCB73444200C5706006ADB42 /* kButton.png in Resources */,
				DC4F6DF51FFB228300438B41 /* correctSound.wav in Resources */,
				DC7CD3AB1FE622E400672E19 /* bButton.png in Resources */,
				DC92DE801F42A42E0074B41C /* LaunchScreen.storyboard in Resources */,
				DC7CD3A11FE622E400672E19 /* wButton.png in Resources */,
				DCB73442200C56EF006ADB42 /* sButton.png in Resources */,
				DC513BFB1FF821510080031F /* launchScreen.png in Resources */,
				DC7CD3A71FE622E400672E19 /* iButton.png in Resources */,
				DC4F6DEF1FFB1AC400438B41 /* backgroundMain.png in Resources */,
				DC7CD3A41FE622E400672E19 /* nButton.png in Resources */,
				DCB73452200C59DE006ADB42 /* lButton.png in Resources */,
				DC513C621FF83AA40080031F /* typedWord.png in Resources */,
				DCB73454200C7680006ADB42 /* delete.png in Resources */,
				DC7CD3AA1FE622E400672E19 /* mButton.png in Resources */,
				DCB7344A200C573F006ADB42 /* tButton.png in Resources */,
				DC7CD3A61FE622E400672E19 /* hButton.png in Resources */,
				DC92DE7D1F42A42E0074B41C /* Assets.xcassets in Resources */,
				DC7CD3AD1FE622E400672E19 /* dButton.png in Resources */,
				DC7CD3801FE5F8D200672E19 /* qButton.png in Resources */,
				DC7CD39C1FE622E400672E19 /* rButton.png in Resources */,
				DC4F6DFB1FFC42D300438B41 /* error.wav in Resources */,
				DC6E26E71F43D870006787C3 /* words.txt in Resources */,
				DCB7344E200C5773006ADB42 /* gButton.png in Resources */,
				DC513BF91FF81F0F0080031F /* textBoxTypedWord.png in Resources */,
				DC92DE7B1F42A42E0074B41C /* Main.storyboard in Resources */,
				DC7CD3A91FE622E400672E19 /* fButton.png in Resources */,
				DC7CD39A1FE622E400672E19 /* yButton.png in Resources */,
				DC7CD3A21FE622E400672E19 /* pButton.png in Resources */,
				DC513C601FF83A370080031F /* background.png in Resources */,
				DC7CD3A31FE622E400672E19 /* oButton.png in Resources */,
				DC32FC521F58B23400DF3C50 /* highScores.txt in Resources */,
				DCB73450200C59A8006ADB42 /* eButton.png in Resources */,
				DC7CD39F1FE622E400672E19 /* uButton.png in Resources */,
				DC7CD3B01FE622E400672E19 /* aButton.png in Resources */,
				DCB7343E200C47DD006ADB42 /* enter.png in Resources */,
				DC4F6DF31FFB1FA700438B41 /* margin.png in Resources */,
				DCB73446200C571A006ADB42 /* jButton.png in Resources */,
				DC7CD3A81FE622E400672E19 /* cButton.png in Resources */,
				DCB73448200C572E006ADB42 /* xButton.png in Resources */,
				DC7CD39B1FE622E400672E19 /* zButton.png in Resources */,
			);
			runOnlyForDeploymentPostprocessing = 0;
		};
/* End PBXResourcesBuildPhase section */

/* Begin PBXSourcesBuildPhase section */
		DC92DE6E1F42A42E0074B41C /* Sources */ = {
			isa = PBXSourcesBuildPhase;
			buildActionMask = 2147483647;
			files = (
				DC26536E1F460EE10025E1B5 /* MainViewController.swift in Sources */,
				DC92DE781F42A42E0074B41C /* ViewController.swift in Sources */,
				DC92DE761F42A42E0074B41C /* AppDelegate.swift in Sources */,
			);
			runOnlyForDeploymentPostprocessing = 0;
		};
/* End PBXSourcesBuildPhase section */

/* Begin PBXVariantGroup section */
		DC92DE791F42A42E0074B41C /* Main.storyboard */ = {
			isa = PBXVariantGroup;
			children = (
				DC92DE7A1F42A42E0074B41C /* Base */,
			);
			name = Main.storyboard;
			sourceTree = "<group>";
		};
		DC92DE7E1F42A42E0074B41C /* LaunchScreen.storyboard */ = {
			isa = PBXVariantGroup;
			children = (
				DC92DE7F1F42A42E0074B41C /* Base */,
			);
			name = LaunchScreen.storyboard;
			sourceTree = "<group>";
		};
/* End PBXVariantGroup section */

/* Begin XCBuildConfiguration section */
		DC92DE821F42A42E0074B41C /* Debug */ = {
			isa = XCBuildConfiguration;
			buildSettings = {
				ALWAYS_SEARCH_USER_PATHS = NO;
				CLANG_ANALYZER_NONNULL = YES;
				CLANG_CXX_LANGUAGE_STANDARD = "gnu++0x";
				CLANG_CXX_LIBRARY = "libc++";
				CLANG_ENABLE_MODULES = YES;
				CLANG_ENABLE_OBJC_ARC = YES;
				CLANG_WARN_BLOCK_CAPTURE_AUTORELEASING = YES;
				CLANG_WARN_BOOL_CONVERSION = YES;
				CLANG_WARN_COMMA = YES;
				CLANG_WARN_CONSTANT_CONVERSION = YES;
				CLANG_WARN_DIRECT_OBJC_ISA_USAGE = YES_ERROR;
				CLANG_WARN_DOCUMENTATION_COMMENTS = YES;
				CLANG_WARN_EMPTY_BODY = YES;
				CLANG_WARN_ENUM_CONVERSION = YES;
				CLANG_WARN_INFINITE_RECURSION = YES;
				CLANG_WARN_INT_CONVERSION = YES;
				CLANG_WARN_NON_LITERAL_NULL_CONVERSION = YES;
				CLANG_WARN_OBJC_LITERAL_CONVERSION = YES;
				CLANG_WARN_OBJC_ROOT_CLASS = YES_ERROR;
				CLANG_WARN_RANGE_LOOP_ANALYSIS = YES;
				CLANG_WARN_STRICT_PROTOTYPES = YES;
				CLANG_WARN_SUSPICIOUS_MOVE = YES;
				CLANG_WARN_UNREACHABLE_CODE = YES;
				CLANG_WARN__DUPLICATE_METHOD_MATCH = YES;
				"CODE_SIGN_IDENTITY[sdk=iphoneos*]" = "iPhone Developer";
				COPY_PHASE_STRIP = NO;
				DEBUG_INFORMATION_FORMAT = dwarf;
				ENABLE_STRICT_OBJC_MSGSEND = YES;
				ENABLE_TESTABILITY = YES;
				GCC_C_LANGUAGE_STANDARD = gnu99;
				GCC_DYNAMIC_NO_PIC = NO;
				GCC_NO_COMMON_BLOCKS = YES;
				GCC_OPTIMIZATION_LEVEL = 0;
				GCC_PREPROCESSOR_DEFINITIONS = (
					"DEBUG=1",
					"$(inherited)",
				);
				GCC_WARN_64_TO_32_BIT_CONVERSION = YES;
				GCC_WARN_ABOUT_RETURN_TYPE = YES_ERROR;
				GCC_WARN_UNDECLARED_SELECTOR = YES;
				GCC_WARN_UNINITIALIZED_AUTOS = YES_AGGRESSIVE;
				GCC_WARN_UNUSED_FUNCTION = YES;
				GCC_WARN_UNUSED_VARIABLE = YES;
				IPHONEOS_DEPLOYMENT_TARGET = 10.2;
				MTL_ENABLE_DEBUG_INFO = YES;
				ONLY_ACTIVE_ARCH = YES;
				SDKROOT = iphoneos;
				SWIFT_ACTIVE_COMPILATION_CONDITIONS = DEBUG;
				SWIFT_OPTIMIZATION_LEVEL = "-Onone";
			};
			name = Debug;
		};
		DC92DE831F42A42E0074B41C /* Release */ = {
			isa = XCBuildConfiguration;
			buildSettings = {
				ALWAYS_SEARCH_USER_PATHS = NO;
				CLANG_ANALYZER_NONNULL = YES;
				CLANG_CXX_LANGUAGE_STANDARD = "gnu++0x";
				CLANG_CXX_LIBRARY = "libc++";
				CLANG_ENABLE_MODULES = YES;
				CLANG_ENABLE_OBJC_ARC = YES;
				CLANG_WARN_BLOCK_CAPTURE_AUTORELEASING = YES;
				CLANG_WARN_BOOL_CONVERSION = YES;
				CLANG_WARN_COMMA = YES;
				CLANG_WARN_CONSTANT_CONVERSION = YES;
				CLANG_WARN_DIRECT_OBJC_ISA_USAGE = YES_ERROR;
				CLANG_WARN_DOCUMENTATION_COMMENTS = YES;
				CLANG_WARN_EMPTY_BODY = YES;
				CLANG_WARN_ENUM_CONVERSION = YES;
				CLANG_WARN_INFINITE_RECURSION = YES;
				CLANG_WARN_INT_CONVERSION = YES;
				CLANG_WARN_NON_LITERAL_NULL_CONVERSION = YES;
				CLANG_WARN_OBJC_LITERAL_CONVERSION = YES;
				CLANG_WARN_OBJC_ROOT_CLASS = YES_ERROR;
				CLANG_WARN_RANGE_LOOP_ANALYSIS = YES;
				CLANG_WARN_STRICT_PROTOTYPES = YES;
				CLANG_WARN_SUSPICIOUS_MOVE = YES;
				CLANG_WARN_UNREACHABLE_CODE = YES;
				CLANG_WARN__DUPLICATE_METHOD_MATCH = YES;
				"CODE_SIGN_IDENTITY[sdk=iphoneos*]" = "iPhone Developer";
				COPY_PHASE_STRIP = NO;
				DEBUG_INFORMATION_FORMAT = "dwarf-with-dsym";
				ENABLE_NS_ASSERTIONS = NO;
				ENABLE_STRICT_OBJC_MSGSEND = YES;
				GCC_C_LANGUAGE_STANDARD = gnu99;
				GCC_NO_COMMON_BLOCKS = YES;
				GCC_WARN_64_TO_32_BIT_CONVERSION = YES;
				GCC_WARN_ABOUT_RETURN_TYPE = YES_ERROR;
				GCC_WARN_UNDECLARED_SELECTOR = YES;
				GCC_WARN_UNINITIALIZED_AUTOS = YES_AGGRESSIVE;
				GCC_WARN_UNUSED_FUNCTION = YES;
				GCC_WARN_UNUSED_VARIABLE = YES;
				IPHONEOS_DEPLOYMENT_TARGET = 10.2;
				MTL_ENABLE_DEBUG_INFO = NO;
				SDKROOT = iphoneos;
				SWIFT_OPTIMIZATION_LEVEL = "-Owholemodule";
				VALIDATE_PRODUCT = YES;
			};
			name = Release;
		};
		DC92DE851F42A42E0074B41C /* Debug */ = {
			isa = XCBuildConfiguration;
			buildSettings = {
				ASSETCATALOG_COMPILER_APPICON_NAME = AppIcon;
				"CODE_SIGN_IDENTITY[sdk=iphoneos*]" = "iPhone Developer";
				CODE_SIGN_STYLE = Automatic;
				DEVELOPMENT_TEAM = Y3FF8K78NY;
				INFOPLIST_FILE = wMutater/Info.plist;
				IPHONEOS_DEPLOYMENT_TARGET = 8.0;
				LD_RUNPATH_SEARCH_PATHS = "$(inherited) @executable_path/Frameworks";
				PRODUCT_BUNDLE_IDENTIFIER = com.AL.wMutater;
				PRODUCT_NAME = "$(TARGET_NAME)";
				PROVISIONING_PROFILE_SPECIFIER = "";
				SWIFT_VERSION = 4.0;
				TARGETED_DEVICE_FAMILY = 1;
			};
			name = Debug;
		};
		DC92DE861F42A42E0074B41C /* Release */ = {
			isa = XCBuildConfiguration;
			buildSettings = {
				ASSETCATALOG_COMPILER_APPICON_NAME = AppIcon;
				"CODE_SIGN_IDENTITY[sdk=iphoneos*]" = "iPhone Developer";
				CODE_SIGN_STYLE = Automatic;
				DEVELOPMENT_TEAM = Y3FF8K78NY;
				INFOPLIST_FILE = wMutater/Info.plist;
				IPHONEOS_DEPLOYMENT_TARGET = 8.0;
				LD_RUNPATH_SEARCH_PATHS = "$(inherited) @executable_path/Frameworks";
				PRODUCT_BUNDLE_IDENTIFIER = com.AL.wMutater;
				PRODUCT_NAME = "$(TARGET_NAME)";
				PROVISIONING_PROFILE_SPECIFIER = "";
				SWIFT_VERSION = 4.0;
				TARGETED_DEVICE_FAMILY = 1;
			};
			name = Release;
		};
/* End XCBuildConfiguration section */

/* Begin XCConfigurationList section */
		DC92DE6D1F42A42E0074B41C /* Build configuration list for PBXProject "wMutater" */ = {
			isa = XCConfigurationList;
			buildConfigurations = (
				DC92DE821F42A42E0074B41C /* Debug */,
				DC92DE831F42A42E0074B41C /* Release */,
			);
			defaultConfigurationIsVisible = 0;
			defaultConfigurationName = Release;
		};
		DC92DE841F42A42E0074B41C /* Build configuration list for PBXNativeTarget "wMutater" */ = {
			isa = XCConfigurationList;
			buildConfigurations = (
				DC92DE851F42A42E0074B41C /* Debug */,
				DC92DE861F42A42E0074B41C /* Release */,
			);
			defaultConfigurationIsVisible = 0;
			defaultConfigurationName = Release;
		};
/* End XCConfigurationList section */
	};
	rootObject = DC92DE6A1F42A42E0074B41C /* Project object */;
}
